// !$*UTF8*$!
{
	archiveVersion = 1;
	classes = {
	};
	objectVersion = 50;
	objects = {

/* Begin PBXBuildFile section */
		568DA3F325B1D6920090255F /* MemoryLeakInTestWithDispatchQueue.framework in Frameworks */ = {isa = PBXBuildFile; fileRef = 568DA3E925B1D6920090255F /* MemoryLeakInTestWithDispatchQueue.framework */; };
		568DA40825B1D6BB0090255F /* MemoryLeakInTestWithDispatchQueueTests.swift in Sources */ = {isa = PBXBuildFile; fileRef = 568DA40725B1D6BB0090255F /* MemoryLeakInTestWithDispatchQueueTests.swift */; };
		568DA40C25B1D8400090255F /* MainQueueDispatchDecorator.swift in Sources */ = {isa = PBXBuildFile; fileRef = 568DA40B25B1D8400090255F /* MainQueueDispatchDecorator.swift */; };
		568DA41025B1DA510090255F /* FeedViewModel.swift in Sources */ = {isa = PBXBuildFile; fileRef = 568DA40F25B1DA510090255F /* FeedViewModel.swift */; };
		568DA41425B1DA630090255F /* FeedViewController.swift in Sources */ = {isa = PBXBuildFile; fileRef = 568DA41325B1DA630090255F /* FeedViewController.swift */; };
		568DA41825B1DA770090255F /* FeedUIComposer.swift in Sources */ = {isa = PBXBuildFile; fileRef = 568DA41725B1DA770090255F /* FeedUIComposer.swift */; };
		56CB4CEB25B2F1BD00C0AB03 /* AppDelegate.swift in Sources */ = {isa = PBXBuildFile; fileRef = 56CB4CEA25B2F1BD00C0AB03 /* AppDelegate.swift */; };
		56CB4CED25B2F1BD00C0AB03 /* SceneDelegate.swift in Sources */ = {isa = PBXBuildFile; fileRef = 56CB4CEC25B2F1BD00C0AB03 /* SceneDelegate.swift */; };
		56CB4CEF25B2F1BD00C0AB03 /* ViewController.swift in Sources */ = {isa = PBXBuildFile; fileRef = 56CB4CEE25B2F1BD00C0AB03 /* ViewController.swift */; };
		56CB4CF225B2F1BD00C0AB03 /* Main.storyboard in Resources */ = {isa = PBXBuildFile; fileRef = 56CB4CF025B2F1BD00C0AB03 /* Main.storyboard */; };
		56CB4CF425B2F1C000C0AB03 /* Assets.xcassets in Resources */ = {isa = PBXBuildFile; fileRef = 56CB4CF325B2F1C000C0AB03 /* Assets.xcassets */; };
		56CB4CF725B2F1C000C0AB03 /* LaunchScreen.storyboard in Resources */ = {isa = PBXBuildFile; fileRef = 56CB4CF525B2F1C000C0AB03 /* LaunchScreen.storyboard */; };
		56CB4D0225B2F1C100C0AB03 /* iOSMVCExampleTests.swift in Sources */ = {isa = PBXBuildFile; fileRef = 56CB4D0125B2F1C100C0AB03 /* iOSMVCExampleTests.swift */; };
		56CB4D2725B2F9C700C0AB03 /* MainQueueDispatchDecorator.swift in Sources */ = {isa = PBXBuildFile; fileRef = 56CB4D2625B2F9C700C0AB03 /* MainQueueDispatchDecorator.swift */; };
/* End PBXBuildFile section */

/* Begin PBXContainerItemProxy section */
		568DA3F425B1D6920090255F /* PBXContainerItemProxy */ = {
			isa = PBXContainerItemProxy;
			containerPortal = 568DA3E025B1D6920090255F /* Project object */;
			proxyType = 1;
			remoteGlobalIDString = 568DA3E825B1D6920090255F;
			remoteInfo = MVVMMemoryLeakTest;
		};
		56CB4CFE25B2F1C100C0AB03 /* PBXContainerItemProxy */ = {
			isa = PBXContainerItemProxy;
			containerPortal = 568DA3E025B1D6920090255F /* Project object */;
			proxyType = 1;
			remoteGlobalIDString = 56CB4CE725B2F1BD00C0AB03;
			remoteInfo = iOSMVCExample;
		};
/* End PBXContainerItemProxy section */

/* Begin PBXFileReference section */
		568DA3E925B1D6920090255F /* MemoryLeakInTestWithDispatchQueue.framework */ = {isa = PBXFileReference; explicitFileType = wrapper.framework; includeInIndex = 0; path = MemoryLeakInTestWithDispatchQueue.framework; sourceTree = BUILT_PRODUCTS_DIR; };
		568DA3ED25B1D6920090255F /* Info.plist */ = {isa = PBXFileReference; lastKnownFileType = text.plist.xml; path = Info.plist; sourceTree = "<group>"; };
		568DA3F225B1D6920090255F /* MemoryLeakInTestWithDispatchQueueTests.xctest */ = {isa = PBXFileReference; explicitFileType = wrapper.cfbundle; includeInIndex = 0; path = MemoryLeakInTestWithDispatchQueueTests.xctest; sourceTree = BUILT_PRODUCTS_DIR; };
		568DA3F925B1D6920090255F /* Info.plist */ = {isa = PBXFileReference; lastKnownFileType = text.plist.xml; path = Info.plist; sourceTree = "<group>"; };
		568DA40725B1D6BB0090255F /* MemoryLeakInTestWithDispatchQueueTests.swift */ = {isa = PBXFileReference; lastKnownFileType = sourcecode.swift; path = MemoryLeakInTestWithDispatchQueueTests.swift; sourceTree = "<group>"; };
		568DA40B25B1D8400090255F /* MainQueueDispatchDecorator.swift */ = {isa = PBXFileReference; lastKnownFileType = sourcecode.swift; path = MainQueueDispatchDecorator.swift; sourceTree = "<group>"; };
		568DA40F25B1DA510090255F /* FeedViewModel.swift */ = {isa = PBXFileReference; lastKnownFileType = sourcecode.swift; path = FeedViewModel.swift; sourceTree = "<group>"; };
		568DA41325B1DA630090255F /* FeedViewController.swift */ = {isa = PBXFileReference; lastKnownFileType = sourcecode.swift; path = FeedViewController.swift; sourceTree = "<group>"; };
		568DA41725B1DA770090255F /* FeedUIComposer.swift */ = {isa = PBXFileReference; lastKnownFileType = sourcecode.swift; path = FeedUIComposer.swift; sourceTree = "<group>"; };
		56CB4CE825B2F1BD00C0AB03 /* iOSMVCExample.app */ = {isa = PBXFileReference; explicitFileType = wrapper.application; includeInIndex = 0; path = iOSMVCExample.app; sourceTree = BUILT_PRODUCTS_DIR; };
		56CB4CEA25B2F1BD00C0AB03 /* AppDelegate.swift */ = {isa = PBXFileReference; lastKnownFileType = sourcecode.swift; path = AppDelegate.swift; sourceTree = "<group>"; };
		56CB4CEC25B2F1BD00C0AB03 /* SceneDelegate.swift */ = {isa = PBXFileReference; lastKnownFileType = sourcecode.swift; path = SceneDelegate.swift; sourceTree = "<group>"; };
		56CB4CEE25B2F1BD00C0AB03 /* ViewController.swift */ = {isa = PBXFileReference; lastKnownFileType = sourcecode.swift; path = ViewController.swift; sourceTree = "<group>"; };
		56CB4CF125B2F1BD00C0AB03 /* Base */ = {isa = PBXFileReference; lastKnownFileType = file.storyboard; name = Base; path = Base.lproj/Main.storyboard; sourceTree = "<group>"; };
		56CB4CF325B2F1C000C0AB03 /* Assets.xcassets */ = {isa = PBXFileReference; lastKnownFileType = folder.assetcatalog; path = Assets.xcassets; sourceTree = "<group>"; };
		56CB4CF625B2F1C000C0AB03 /* Base */ = {isa = PBXFileReference; lastKnownFileType = file.storyboard; name = Base; path = Base.lproj/LaunchScreen.storyboard; sourceTree = "<group>"; };
		56CB4CF825B2F1C000C0AB03 /* Info.plist */ = {isa = PBXFileReference; lastKnownFileType = text.plist.xml; path = Info.plist; sourceTree = "<group>"; };
		56CB4CFD25B2F1C100C0AB03 /* iOSMVCExampleTests.xctest */ = {isa = PBXFileReference; explicitFileType = wrapper.cfbundle; includeInIndex = 0; path = iOSMVCExampleTests.xctest; sourceTree = BUILT_PRODUCTS_DIR; };
		56CB4D0125B2F1C100C0AB03 /* iOSMVCExampleTests.swift */ = {isa = PBXFileReference; lastKnownFileType = sourcecode.swift; path = iOSMVCExampleTests.swift; sourceTree = "<group>"; };
		56CB4D0325B2F1C100C0AB03 /* Info.plist */ = {isa = PBXFileReference; lastKnownFileType = text.plist.xml; path = Info.plist; sourceTree = "<group>"; };
		56CB4D2625B2F9C700C0AB03 /* MainQueueDispatchDecorator.swift */ = {isa = PBXFileReference; lastKnownFileType = sourcecode.swift; path = MainQueueDispatchDecorator.swift; sourceTree = "<group>"; };
/* End PBXFileReference section */

/* Begin PBXFrameworksBuildPhase section */
		568DA3E625B1D6920090255F /* Frameworks */ = {
			isa = PBXFrameworksBuildPhase;
			buildActionMask = 2147483647;
			files = (
			);
			runOnlyForDeploymentPostprocessing = 0;
		};
		568DA3EF25B1D6920090255F /* Frameworks */ = {
			isa = PBXFrameworksBuildPhase;
			buildActionMask = 2147483647;
			files = (
				568DA3F325B1D6920090255F /* MemoryLeakInTestWithDispatchQueue.framework in Frameworks */,
			);
			runOnlyForDeploymentPostprocessing = 0;
		};
		56CB4CE525B2F1BD00C0AB03 /* Frameworks */ = {
			isa = PBXFrameworksBuildPhase;
			buildActionMask = 2147483647;
			files = (
			);
			runOnlyForDeploymentPostprocessing = 0;
		};
		56CB4CFA25B2F1C100C0AB03 /* Frameworks */ = {
			isa = PBXFrameworksBuildPhase;
			buildActionMask = 2147483647;
			files = (
			);
			runOnlyForDeploymentPostprocessing = 0;
		};
/* End PBXFrameworksBuildPhase section */

/* Begin PBXGroup section */
		568DA3DF25B1D6920090255F = {
			isa = PBXGroup;
			children = (
				568DA3EB25B1D6920090255F /* MemoryLeakInTestWithDispatchQueue */,
				568DA3F625B1D6920090255F /* MemoryLeakInTestWithDispatchQueueTests */,
				56CB4CE925B2F1BD00C0AB03 /* iOSMVCExample */,
				56CB4D0025B2F1C100C0AB03 /* iOSMVCExampleTests */,
				568DA3EA25B1D6920090255F /* Products */,
			);
			sourceTree = "<group>";
		};
		568DA3EA25B1D6920090255F /* Products */ = {
			isa = PBXGroup;
			children = (
				568DA3E925B1D6920090255F /* MemoryLeakInTestWithDispatchQueue.framework */,
				568DA3F225B1D6920090255F /* MemoryLeakInTestWithDispatchQueueTests.xctest */,
				56CB4CE825B2F1BD00C0AB03 /* iOSMVCExample.app */,
				56CB4CFD25B2F1C100C0AB03 /* iOSMVCExampleTests.xctest */,
			);
			name = Products;
			sourceTree = "<group>";
		};
		568DA3EB25B1D6920090255F /* MemoryLeakInTestWithDispatchQueue */ = {
			isa = PBXGroup;
			children = (
				568DA3ED25B1D6920090255F /* Info.plist */,
				568DA40B25B1D8400090255F /* MainQueueDispatchDecorator.swift */,
				568DA40F25B1DA510090255F /* FeedViewModel.swift */,
				568DA41325B1DA630090255F /* FeedViewController.swift */,
				568DA41725B1DA770090255F /* FeedUIComposer.swift */,
			);
			path = MemoryLeakInTestWithDispatchQueue;
			sourceTree = "<group>";
		};
		568DA3F625B1D6920090255F /* MemoryLeakInTestWithDispatchQueueTests */ = {
			isa = PBXGroup;
			children = (
				568DA3F925B1D6920090255F /* Info.plist */,
				568DA40725B1D6BB0090255F /* MemoryLeakInTestWithDispatchQueueTests.swift */,
			);
			path = MemoryLeakInTestWithDispatchQueueTests;
			sourceTree = "<group>";
		};
		56CB4CE925B2F1BD00C0AB03 /* iOSMVCExample */ = {
			isa = PBXGroup;
			children = (
				56CB4CEA25B2F1BD00C0AB03 /* AppDelegate.swift */,
				56CB4CEC25B2F1BD00C0AB03 /* SceneDelegate.swift */,
				56CB4CEE25B2F1BD00C0AB03 /* ViewController.swift */,
				56CB4CF025B2F1BD00C0AB03 /* Main.storyboard */,
				56CB4CF325B2F1C000C0AB03 /* Assets.xcassets */,
				56CB4CF525B2F1C000C0AB03 /* LaunchScreen.storyboard */,
				56CB4CF825B2F1C000C0AB03 /* Info.plist */,
				56CB4D2625B2F9C700C0AB03 /* MainQueueDispatchDecorator.swift */,
			);
			path = iOSMVCExample;
			sourceTree = "<group>";
		};
		56CB4D0025B2F1C100C0AB03 /* iOSMVCExampleTests */ = {
			isa = PBXGroup;
			children = (
				56CB4D0125B2F1C100C0AB03 /* iOSMVCExampleTests.swift */,
				56CB4D0325B2F1C100C0AB03 /* Info.plist */,
			);
			path = iOSMVCExampleTests;
			sourceTree = "<group>";
		};
/* End PBXGroup section */

/* Begin PBXHeadersBuildPhase section */
		568DA3E425B1D6920090255F /* Headers */ = {
			isa = PBXHeadersBuildPhase;
			buildActionMask = 2147483647;
			files = (
			);
			runOnlyForDeploymentPostprocessing = 0;
		};
/* End PBXHeadersBuildPhase section */

/* Begin PBXNativeTarget section */
		568DA3E825B1D6920090255F /* MemoryLeakInTestWithDispatchQueue */ = {
			isa = PBXNativeTarget;
			buildConfigurationList = 568DA3FD25B1D6920090255F /* Build configuration list for PBXNativeTarget "MemoryLeakInTestWithDispatchQueue" */;
			buildPhases = (
				568DA3E425B1D6920090255F /* Headers */,
				568DA3E525B1D6920090255F /* Sources */,
				568DA3E625B1D6920090255F /* Frameworks */,
				568DA3E725B1D6920090255F /* Resources */,
			);
			buildRules = (
			);
			dependencies = (
			);
			name = MemoryLeakInTestWithDispatchQueue;
			productName = MVVMMemoryLeakTest;
			productReference = 568DA3E925B1D6920090255F /* MemoryLeakInTestWithDispatchQueue.framework */;
			productType = "com.apple.product-type.framework";
		};
		568DA3F125B1D6920090255F /* MemoryLeakInTestWithDispatchQueueTests */ = {
			isa = PBXNativeTarget;
			buildConfigurationList = 568DA40025B1D6920090255F /* Build configuration list for PBXNativeTarget "MemoryLeakInTestWithDispatchQueueTests" */;
			buildPhases = (
				568DA3EE25B1D6920090255F /* Sources */,
				568DA3EF25B1D6920090255F /* Frameworks */,
				568DA3F025B1D6920090255F /* Resources */,
			);
			buildRules = (
			);
			dependencies = (
				568DA3F525B1D6920090255F /* PBXTargetDependency */,
			);
			name = MemoryLeakInTestWithDispatchQueueTests;
			productName = MVVMMemoryLeakTestTests;
			productReference = 568DA3F225B1D6920090255F /* MemoryLeakInTestWithDispatchQueueTests.xctest */;
			productType = "com.apple.product-type.bundle.unit-test";
		};
		56CB4CE725B2F1BD00C0AB03 /* iOSMVCExample */ = {
			isa = PBXNativeTarget;
			buildConfigurationList = 56CB4D1525B2F1C100C0AB03 /* Build configuration list for PBXNativeTarget "iOSMVCExample" */;
			buildPhases = (
				56CB4CE425B2F1BD00C0AB03 /* Sources */,
				56CB4CE525B2F1BD00C0AB03 /* Frameworks */,
				56CB4CE625B2F1BD00C0AB03 /* Resources */,
			);
			buildRules = (
			);
			dependencies = (
			);
			name = iOSMVCExample;
			productName = iOSMVCExample;
			productReference = 56CB4CE825B2F1BD00C0AB03 /* iOSMVCExample.app */;
			productType = "com.apple.product-type.application";
		};
		56CB4CFC25B2F1C100C0AB03 /* iOSMVCExampleTests */ = {
			isa = PBXNativeTarget;
			buildConfigurationList = 56CB4D1625B2F1C100C0AB03 /* Build configuration list for PBXNativeTarget "iOSMVCExampleTests" */;
			buildPhases = (
				56CB4CF925B2F1C100C0AB03 /* Sources */,
				56CB4CFA25B2F1C100C0AB03 /* Frameworks */,
				56CB4CFB25B2F1C100C0AB03 /* Resources */,
			);
			buildRules = (
			);
			dependencies = (
				56CB4CFF25B2F1C100C0AB03 /* PBXTargetDependency */,
			);
			name = iOSMVCExampleTests;
			productName = iOSMVCExampleTests;
			productReference = 56CB4CFD25B2F1C100C0AB03 /* iOSMVCExampleTests.xctest */;
			productType = "com.apple.product-type.bundle.unit-test";
		};
/* End PBXNativeTarget section */

/* Begin PBXProject section */
		568DA3E025B1D6920090255F /* Project object */ = {
			isa = PBXProject;
			attributes = {
				LastSwiftUpdateCheck = 1220;
				LastUpgradeCheck = 1220;
				TargetAttributes = {
					568DA3E825B1D6920090255F = {
						CreatedOnToolsVersion = 12.2;
						LastSwiftMigration = 1220;
					};
					568DA3F125B1D6920090255F = {
						CreatedOnToolsVersion = 12.2;
						LastSwiftMigration = 1220;
					};
					56CB4CE725B2F1BD00C0AB03 = {
						CreatedOnToolsVersion = 12.2;
					};
					56CB4CFC25B2F1C100C0AB03 = {
						CreatedOnToolsVersion = 12.2;
						TestTargetID = 56CB4CE725B2F1BD00C0AB03;
					};
				};
			};
			buildConfigurationList = 568DA3E325B1D6920090255F /* Build configuration list for PBXProject "MemoryLeakInTestWithDispatchQueue" */;
			compatibilityVersion = "Xcode 9.3";
			developmentRegion = en;
			hasScannedForEncodings = 0;
			knownRegions = (
				en,
				Base,
			);
			mainGroup = 568DA3DF25B1D6920090255F;
			productRefGroup = 568DA3EA25B1D6920090255F /* Products */;
			projectDirPath = "";
			projectRoot = "";
			targets = (
				568DA3E825B1D6920090255F /* MemoryLeakInTestWithDispatchQueue */,
				568DA3F125B1D6920090255F /* MemoryLeakInTestWithDispatchQueueTests */,
				56CB4CE725B2F1BD00C0AB03 /* iOSMVCExample */,
				56CB4CFC25B2F1C100C0AB03 /* iOSMVCExampleTests */,
			);
		};
/* End PBXProject section */

/* Begin PBXResourcesBuildPhase section */
		568DA3E725B1D6920090255F /* Resources */ = {
			isa = PBXResourcesBuildPhase;
			buildActionMask = 2147483647;
			files = (
			);
			runOnlyForDeploymentPostprocessing = 0;
		};
		568DA3F025B1D6920090255F /* Resources */ = {
			isa = PBXResourcesBuildPhase;
			buildActionMask = 2147483647;
			files = (
			);
			runOnlyForDeploymentPostprocessing = 0;
		};
		56CB4CE625B2F1BD00C0AB03 /* Resources */ = {
			isa = PBXResourcesBuildPhase;
			buildActionMask = 2147483647;
			files = (
				56CB4CF725B2F1C000C0AB03 /* LaunchScreen.storyboard in Resources */,
				56CB4CF425B2F1C000C0AB03 /* Assets.xcassets in Resources */,
				56CB4CF225B2F1BD00C0AB03 /* Main.storyboard in Resources */,
			);
			runOnlyForDeploymentPostprocessing = 0;
		};
		56CB4CFB25B2F1C100C0AB03 /* Resources */ = {
			isa = PBXResourcesBuildPhase;
			buildActionMask = 2147483647;
			files = (
			);
			runOnlyForDeploymentPostprocessing = 0;
		};
/* End PBXResourcesBuildPhase section */

/* Begin PBXSourcesBuildPhase section */
		568DA3E525B1D6920090255F /* Sources */ = {
			isa = PBXSourcesBuildPhase;
			buildActionMask = 2147483647;
			files = (
				568DA41025B1DA510090255F /* FeedViewModel.swift in Sources */,
				568DA41825B1DA770090255F /* FeedUIComposer.swift in Sources */,
				568DA41425B1DA630090255F /* FeedViewController.swift in Sources */,
				568DA40C25B1D8400090255F /* MainQueueDispatchDecorator.swift in Sources */,
			);
			runOnlyForDeploymentPostprocessing = 0;
		};
		568DA3EE25B1D6920090255F /* Sources */ = {
			isa = PBXSourcesBuildPhase;
			buildActionMask = 2147483647;
			files = (
				568DA40825B1D6BB0090255F /* MemoryLeakInTestWithDispatchQueueTests.swift in Sources */,
			);
			runOnlyForDeploymentPostprocessing = 0;
		};
		56CB4CE425B2F1BD00C0AB03 /* Sources */ = {
			isa = PBXSourcesBuildPhase;
			buildActionMask = 2147483647;
			files = (
				56CB4D2725B2F9C700C0AB03 /* MainQueueDispatchDecorator.swift in Sources */,
				56CB4CEF25B2F1BD00C0AB03 /* ViewController.swift in Sources */,
				56CB4CEB25B2F1BD00C0AB03 /* AppDelegate.swift in Sources */,
				56CB4CED25B2F1BD00C0AB03 /* SceneDelegate.swift in Sources */,
			);
			runOnlyForDeploymentPostprocessing = 0;
		};
		56CB4CF925B2F1C100C0AB03 /* Sources */ = {
			isa = PBXSourcesBuildPhase;
			buildActionMask = 2147483647;
			files = (
				56CB4D0225B2F1C100C0AB03 /* iOSMVCExampleTests.swift in Sources */,
			);
			runOnlyForDeploymentPostprocessing = 0;
		};
/* End PBXSourcesBuildPhase section */

/* Begin PBXTargetDependency section */
		568DA3F525B1D6920090255F /* PBXTargetDependency */ = {
			isa = PBXTargetDependency;
			target = 568DA3E825B1D6920090255F /* MemoryLeakInTestWithDispatchQueue */;
			targetProxy = 568DA3F425B1D6920090255F /* PBXContainerItemProxy */;
		};
		56CB4CFF25B2F1C100C0AB03 /* PBXTargetDependency */ = {
			isa = PBXTargetDependency;
			target = 56CB4CE725B2F1BD00C0AB03 /* iOSMVCExample */;
			targetProxy = 56CB4CFE25B2F1C100C0AB03 /* PBXContainerItemProxy */;
		};
/* End PBXTargetDependency section */

/* Begin PBXVariantGroup section */
		56CB4CF025B2F1BD00C0AB03 /* Main.storyboard */ = {
			isa = PBXVariantGroup;
			children = (
				56CB4CF125B2F1BD00C0AB03 /* Base */,
			);
			name = Main.storyboard;
			sourceTree = "<group>";
		};
		56CB4CF525B2F1C000C0AB03 /* LaunchScreen.storyboard */ = {
			isa = PBXVariantGroup;
			children = (
				56CB4CF625B2F1C000C0AB03 /* Base */,
			);
			name = LaunchScreen.storyboard;
			sourceTree = "<group>";
		};
/* End PBXVariantGroup section */

/* Begin XCBuildConfiguration section */
		568DA3FB25B1D6920090255F /* Debug */ = {
			isa = XCBuildConfiguration;
			buildSettings = {
				ALWAYS_SEARCH_USER_PATHS = NO;
				CLANG_ANALYZER_NONNULL = YES;
				CLANG_ANALYZER_NUMBER_OBJECT_CONVERSION = YES_AGGRESSIVE;
				CLANG_CXX_LANGUAGE_STANDARD = "gnu++14";
				CLANG_CXX_LIBRARY = "libc++";
				CLANG_ENABLE_MODULES = YES;
				CLANG_ENABLE_OBJC_ARC = YES;
				CLANG_ENABLE_OBJC_WEAK = YES;
				CLANG_WARN_BLOCK_CAPTURE_AUTORELEASING = YES;
				CLANG_WARN_BOOL_CONVERSION = YES;
				CLANG_WARN_COMMA = YES;
				CLANG_WARN_CONSTANT_CONVERSION = YES;
				CLANG_WARN_DEPRECATED_OBJC_IMPLEMENTATIONS = YES;
				CLANG_WARN_DIRECT_OBJC_ISA_USAGE = YES_ERROR;
				CLANG_WARN_DOCUMENTATION_COMMENTS = YES;
				CLANG_WARN_EMPTY_BODY = YES;
				CLANG_WARN_ENUM_CONVERSION = YES;
				CLANG_WARN_INFINITE_RECURSION = YES;
				CLANG_WARN_INT_CONVERSION = YES;
				CLANG_WARN_NON_LITERAL_NULL_CONVERSION = YES;
				CLANG_WARN_OBJC_IMPLICIT_RETAIN_SELF = YES;
				CLANG_WARN_OBJC_LITERAL_CONVERSION = YES;
				CLANG_WARN_OBJC_ROOT_CLASS = YES_ERROR;
				CLANG_WARN_QUOTED_INCLUDE_IN_FRAMEWORK_HEADER = YES;
				CLANG_WARN_RANGE_LOOP_ANALYSIS = YES;
				CLANG_WARN_STRICT_PROTOTYPES = YES;
				CLANG_WARN_SUSPICIOUS_MOVE = YES;
				CLANG_WARN_UNGUARDED_AVAILABILITY = YES_AGGRESSIVE;
				CLANG_WARN_UNREACHABLE_CODE = YES;
				CLANG_WARN__DUPLICATE_METHOD_MATCH = YES;
				COPY_PHASE_STRIP = NO;
				CURRENT_PROJECT_VERSION = 1;
				DEBUG_INFORMATION_FORMAT = dwarf;
				ENABLE_STRICT_OBJC_MSGSEND = YES;
				ENABLE_TESTABILITY = YES;
				GCC_C_LANGUAGE_STANDARD = gnu11;
				GCC_DYNAMIC_NO_PIC = NO;
				GCC_NO_COMMON_BLOCKS = YES;
				GCC_OPTIMIZATION_LEVEL = 0;
				GCC_PREPROCESSOR_DEFINITIONS = (
					"DEBUG=1",
					"$(inherited)",
				);
				GCC_WARN_64_TO_32_BIT_CONVERSION = YES;
				GCC_WARN_ABOUT_RETURN_TYPE = YES_ERROR;
				GCC_WARN_UNDECLARED_SELECTOR = YES;
				GCC_WARN_UNINITIALIZED_AUTOS = YES_AGGRESSIVE;
				GCC_WARN_UNUSED_FUNCTION = YES;
				GCC_WARN_UNUSED_VARIABLE = YES;
				IPHONEOS_DEPLOYMENT_TARGET = 14.2;
				MTL_ENABLE_DEBUG_INFO = INCLUDE_SOURCE;
				MTL_FAST_MATH = YES;
				ONLY_ACTIVE_ARCH = YES;
				SDKROOT = iphoneos;
				SWIFT_ACTIVE_COMPILATION_CONDITIONS = DEBUG;
				SWIFT_OPTIMIZATION_LEVEL = "-Onone";
				VERSIONING_SYSTEM = "apple-generic";
				VERSION_INFO_PREFIX = "";
			};
			name = Debug;
		};
		568DA3FC25B1D6920090255F /* Release */ = {
			isa = XCBuildConfiguration;
			buildSettings = {
				ALWAYS_SEARCH_USER_PATHS = NO;
				CLANG_ANALYZER_NONNULL = YES;
				CLANG_ANALYZER_NUMBER_OBJECT_CONVERSION = YES_AGGRESSIVE;
				CLANG_CXX_LANGUAGE_STANDARD = "gnu++14";
				CLANG_CXX_LIBRARY = "libc++";
				CLANG_ENABLE_MODULES = YES;
				CLANG_ENABLE_OBJC_ARC = YES;
				CLANG_ENABLE_OBJC_WEAK = YES;
				CLANG_WARN_BLOCK_CAPTURE_AUTORELEASING = YES;
				CLANG_WARN_BOOL_CONVERSION = YES;
				CLANG_WARN_COMMA = YES;
				CLANG_WARN_CONSTANT_CONVERSION = YES;
				CLANG_WARN_DEPRECATED_OBJC_IMPLEMENTATIONS = YES;
				CLANG_WARN_DIRECT_OBJC_ISA_USAGE = YES_ERROR;
				CLANG_WARN_DOCUMENTATION_COMMENTS = YES;
				CLANG_WARN_EMPTY_BODY = YES;
				CLANG_WARN_ENUM_CONVERSION = YES;
				CLANG_WARN_INFINITE_RECURSION = YES;
				CLANG_WARN_INT_CONVERSION = YES;
				CLANG_WARN_NON_LITERAL_NULL_CONVERSION = YES;
				CLANG_WARN_OBJC_IMPLICIT_RETAIN_SELF = YES;
				CLANG_WARN_OBJC_LITERAL_CONVERSION = YES;
				CLANG_WARN_OBJC_ROOT_CLASS = YES_ERROR;
				CLANG_WARN_QUOTED_INCLUDE_IN_FRAMEWORK_HEADER = YES;
				CLANG_WARN_RANGE_LOOP_ANALYSIS = YES;
				CLANG_WARN_STRICT_PROTOTYPES = YES;
				CLANG_WARN_SUSPICIOUS_MOVE = YES;
				CLANG_WARN_UNGUARDED_AVAILABILITY = YES_AGGRESSIVE;
				CLANG_WARN_UNREACHABLE_CODE = YES;
				CLANG_WARN__DUPLICATE_METHOD_MATCH = YES;
				COPY_PHASE_STRIP = NO;
				CURRENT_PROJECT_VERSION = 1;
				DEBUG_INFORMATION_FORMAT = "dwarf-with-dsym";
				ENABLE_NS_ASSERTIONS = NO;
				ENABLE_STRICT_OBJC_MSGSEND = YES;
				GCC_C_LANGUAGE_STANDARD = gnu11;
				GCC_NO_COMMON_BLOCKS = YES;
				GCC_WARN_64_TO_32_BIT_CONVERSION = YES;
				GCC_WARN_ABOUT_RETURN_TYPE = YES_ERROR;
				GCC_WARN_UNDECLARED_SELECTOR = YES;
				GCC_WARN_UNINITIALIZED_AUTOS = YES_AGGRESSIVE;
				GCC_WARN_UNUSED_FUNCTION = YES;
				GCC_WARN_UNUSED_VARIABLE = YES;
				IPHONEOS_DEPLOYMENT_TARGET = 14.2;
				MTL_ENABLE_DEBUG_INFO = NO;
				MTL_FAST_MATH = YES;
				SDKROOT = iphoneos;
				SWIFT_COMPILATION_MODE = wholemodule;
				SWIFT_OPTIMIZATION_LEVEL = "-O";
				VALIDATE_PRODUCT = YES;
				VERSIONING_SYSTEM = "apple-generic";
				VERSION_INFO_PREFIX = "";
			};
			name = Release;
		};
		568DA3FE25B1D6920090255F /* Debug */ = {
			isa = XCBuildConfiguration;
			buildSettings = {
				CLANG_ENABLE_MODULES = YES;
				CODE_SIGN_STYLE = Automatic;
				DEFINES_MODULE = YES;
				DEVELOPMENT_TEAM = A2BW4UK926;
				DYLIB_COMPATIBILITY_VERSION = 1;
				DYLIB_CURRENT_VERSION = 1;
				DYLIB_INSTALL_NAME_BASE = "@rpath";
				INFOPLIST_FILE = MemoryLeakInTestWithDispatchQueue/Info.plist;
				INSTALL_PATH = "$(LOCAL_LIBRARY_DIR)/Frameworks";
				LD_RUNPATH_SEARCH_PATHS = (
					"$(inherited)",
					"@executable_path/Frameworks",
					"@loader_path/Frameworks",
				);
				PRODUCT_BUNDLE_IDENTIFIER = com.dan12411.MemoryLeakInTestWithDispatchQueue;
				PRODUCT_NAME = "$(TARGET_NAME:c99extidentifier)";
				SKIP_INSTALL = YES;
				SWIFT_OPTIMIZATION_LEVEL = "-Onone";
				SWIFT_VERSION = 5.0;
				TARGETED_DEVICE_FAMILY = "1,2";
			};
			name = Debug;
		};
		568DA3FF25B1D6920090255F /* Release */ = {
			isa = XCBuildConfiguration;
			buildSettings = {
				CLANG_ENABLE_MODULES = YES;
				CODE_SIGN_STYLE = Automatic;
				DEFINES_MODULE = YES;
				DEVELOPMENT_TEAM = A2BW4UK926;
				DYLIB_COMPATIBILITY_VERSION = 1;
				DYLIB_CURRENT_VERSION = 1;
				DYLIB_INSTALL_NAME_BASE = "@rpath";
				INFOPLIST_FILE = MemoryLeakInTestWithDispatchQueue/Info.plist;
				INSTALL_PATH = "$(LOCAL_LIBRARY_DIR)/Frameworks";
				LD_RUNPATH_SEARCH_PATHS = (
					"$(inherited)",
					"@executable_path/Frameworks",
					"@loader_path/Frameworks",
				);
				PRODUCT_BUNDLE_IDENTIFIER = com.dan12411.MemoryLeakInTestWithDispatchQueue;
				PRODUCT_NAME = "$(TARGET_NAME:c99extidentifier)";
				SKIP_INSTALL = YES;
				SWIFT_VERSION = 5.0;
				TARGETED_DEVICE_FAMILY = "1,2";
			};
			name = Release;
		};
		568DA40125B1D6920090255F /* Debug */ = {
			isa = XCBuildConfiguration;
			buildSettings = {
				ALWAYS_EMBED_SWIFT_STANDARD_LIBRARIES = YES;
				CLANG_ENABLE_MODULES = YES;
				CODE_SIGN_STYLE = Automatic;
				DEVELOPMENT_TEAM = A2BW4UK926;
				INFOPLIST_FILE = MemoryLeakInTestWithDispatchQueue/Info.plist;
				LD_RUNPATH_SEARCH_PATHS = (
					"$(inherited)",
					"@executable_path/Frameworks",
					"@loader_path/Frameworks",
				);
				PRODUCT_BUNDLE_IDENTIFIER = com.dan12411.MemoryLeakInTestWithDispatchQueue;
				PRODUCT_NAME = "$(TARGET_NAME)";
				SWIFT_OPTIMIZATION_LEVEL = "-Onone";
				SWIFT_VERSION = 5.0;
				TARGETED_DEVICE_FAMILY = "1,2";
			};
			name = Debug;
		};
		568DA40225B1D6920090255F /* Release */ = {
			isa = XCBuildConfiguration;
			buildSettings = {
				ALWAYS_EMBED_SWIFT_STANDARD_LIBRARIES = YES;
				CLANG_ENABLE_MODULES = YES;
				CODE_SIGN_STYLE = Automatic;
				DEVELOPMENT_TEAM = A2BW4UK926;
				INFOPLIST_FILE = MemoryLeakInTestWithDispatchQueue/Info.plist;
				LD_RUNPATH_SEARCH_PATHS = (
					"$(inherited)",
					"@executable_path/Frameworks",
					"@loader_path/Frameworks",
				);
				PRODUCT_BUNDLE_IDENTIFIER = com.dan12411.MemoryLeakInTestWithDispatchQueue;
				PRODUCT_NAME = "$(TARGET_NAME)";
				SWIFT_VERSION = 5.0;
				TARGETED_DEVICE_FAMILY = "1,2";
			};
			name = Release;
		};
		56CB4D0F25B2F1C100C0AB03 /* Debug */ = {
			isa = XCBuildConfiguration;
			buildSettings = {
				ASSETCATALOG_COMPILER_APPICON_NAME = AppIcon;
				ASSETCATALOG_COMPILER_GLOBAL_ACCENT_COLOR_NAME = AccentColor;
				CODE_SIGN_STYLE = Automatic;
				DEVELOPMENT_TEAM = A2BW4UK926;
				INFOPLIST_FILE = iOSMVCExample/Info.plist;
				LD_RUNPATH_SEARCH_PATHS = (
					"$(inherited)",
					"@executable_path/Frameworks",
				);
				PRODUCT_BUNDLE_IDENTIFIER = com.dan12411.iOSMVCExample;
				PRODUCT_NAME = "$(TARGET_NAME)";
				SWIFT_VERSION = 5.0;
				TARGETED_DEVICE_FAMILY = "1,2";
			};
			name = Debug;
		};
		56CB4D1025B2F1C100C0AB03 /* Release */ = {
			isa = XCBuildConfiguration;
			buildSettings = {
				ASSETCATALOG_COMPILER_APPICON_NAME = AppIcon;
				ASSETCATALOG_COMPILER_GLOBAL_ACCENT_COLOR_NAME = AccentColor;
				CODE_SIGN_STYLE = Automatic;
				DEVELOPMENT_TEAM = A2BW4UK926;
				INFOPLIST_FILE = iOSMVCExample/Info.plist;
				LD_RUNPATH_SEARCH_PATHS = (
					"$(inherited)",
					"@executable_path/Frameworks",
				);
				PRODUCT_BUNDLE_IDENTIFIER = com.dan12411.iOSMVCExample;
				PRODUCT_NAME = "$(TARGET_NAME)";
				SWIFT_VERSION = 5.0;
				TARGETED_DEVICE_FAMILY = "1,2";
			};
			name = Release;
		};
		56CB4D1125B2F1C100C0AB03 /* Debug */ = {
			isa = XCBuildConfiguration;
			buildSettings = {
				ALWAYS_EMBED_SWIFT_STANDARD_LIBRARIES = YES;
				BUNDLE_LOADER = "$(TEST_HOST)";
				CODE_SIGN_STYLE = Automatic;
				DEVELOPMENT_TEAM = A2BW4UK926;
				INFOPLIST_FILE = iOSMVCExampleTests/Info.plist;
				IPHONEOS_DEPLOYMENT_TARGET = 14.2;
				LD_RUNPATH_SEARCH_PATHS = (
					"$(inherited)",
					"@executable_path/Frameworks",
					"@loader_path/Frameworks",
				);
				PRODUCT_BUNDLE_IDENTIFIER = com.dan12411.iOSMVCExampleTests;
				PRODUCT_NAME = "$(TARGET_NAME)";
				SWIFT_VERSION = 5.0;
				TARGETED_DEVICE_FAMILY = "1,2";
				TEST_HOST = "$(BUILT_PRODUCTS_DIR)/iOSMVCExample.app/iOSMVCExample";
			};
			name = Debug;
		};
		56CB4D1225B2F1C100C0AB03 /* Release */ = {
			isa = XCBuildConfiguration;
			buildSettings = {
				ALWAYS_EMBED_SWIFT_STANDARD_LIBRARIES = YES;
				BUNDLE_LOADER = "$(TEST_HOST)";
				CODE_SIGN_STYLE = Automatic;
				DEVELOPMENT_TEAM = A2BW4UK926;
				INFOPLIST_FILE = iOSMVCExampleTests/Info.plist;
				IPHONEOS_DEPLOYMENT_TARGET = 14.2;
				LD_RUNPATH_SEARCH_PATHS = (
					"$(inherited)",
					"@executable_path/Frameworks",
					"@loader_path/Frameworks",
				);
				PRODUCT_BUNDLE_IDENTIFIER = com.dan12411.iOSMVCExampleTests;
				PRODUCT_NAME = "$(TARGET_NAME)";
				SWIFT_VERSION = 5.0;
				TARGETED_DEVICE_FAMILY = "1,2";
				TEST_HOST = "$(BUILT_PRODUCTS_DIR)/iOSMVCExample.app/iOSMVCExample";
			};
			name = Release;
		};
/* End XCBuildConfiguration section */

/* Begin XCConfigurationList section */
		568DA3E325B1D6920090255F /* Build configuration list for PBXProject "MemoryLeakInTestWithDispatchQueue" */ = {
			isa = XCConfigurationList;
			buildConfigurations = (
				568DA3FB25B1D6920090255F /* Debug */,
				568DA3FC25B1D6920090255F /* Release */,
			);
			defaultConfigurationIsVisible = 0;
			defaultConfigurationName = Release;
		};
		568DA3FD25B1D6920090255F /* Build configuration list for PBXNativeTarget "MemoryLeakInTestWithDispatchQueue" */ = {
			isa = XCConfigurationList;
			buildConfigurations = (
				568DA3FE25B1D6920090255F /* Debug */,
				568DA3FF25B1D6920090255F /* Release */,
			);
			defaultConfigurationIsVisible = 0;
			defaultConfigurationName = Release;
		};
		568DA40025B1D6920090255F /* Build configuration list for PBXNativeTarget "MemoryLeakInTestWithDispatchQueueTests" */ = {
			isa = XCConfigurationList;
			buildConfigurations = (
				568DA40125B1D6920090255F /* Debug */,
				568DA40225B1D6920090255F /* Release */,
			);
			defaultConfigurationIsVisible = 0;
			defaultConfigurationName = Release;
		};
		56CB4D1525B2F1C100C0AB03 /* Build configuration list for PBXNativeTarget "iOSMVCExample" */ = {
			isa = XCConfigurationList;
			buildConfigurations = (
				56CB4D0F25B2F1C100C0AB03 /* Debug */,
				56CB4D1025B2F1C100C0AB03 /* Release */,
			);
			defaultConfigurationIsVisible = 0;
			defaultConfigurationName = Release;
		};
		56CB4D1625B2F1C100C0AB03 /* Build configuration list for PBXNativeTarget "iOSMVCExampleTests" */ = {
			isa = XCConfigurationList;
			buildConfigurations = (
				56CB4D1125B2F1C100C0AB03 /* Debug */,
				56CB4D1225B2F1C100C0AB03 /* Release */,
			);
			defaultConfigurationIsVisible = 0;
			defaultConfigurationName = Release;
		};
/* End XCConfigurationList section */
	};
	rootObject = 568DA3E025B1D6920090255F /* Project object */;
}
